
Microsoft Visual Studio Solution File, Format Version 12.00
# Visual Studio Version 16
VisualStudioVersion = 16.0.30621.155
MinimumVisualStudioVersion = 10.0.40219.1
Project("{FAE04EC0-301F-11D3-BF4B-00C04F79EFBC}") = "calc", "calc\calc.csproj", "{ACF96DEF-0DB3-474B-93A4-BFC37CDC2763}"
EndProject
Global
	GlobalSection(SolutionConfigurationPlatforms) = preSolution
		Debug|Any CPU = Debug|Any CPU
		Release|Any CPU = Release|Any CPU
	EndGlobalSection
	GlobalSection(ProjectConfigurationPlatforms) = postSolution
		{ACF96DEF-0DB3-474B-93A4-BFC37CDC2763}.Debug|Any CPU.ActiveCfg = Debug|Any CPU
		{ACF96DEF-0DB3-474B-93A4-BFC37CDC2763}.Debug|Any CPU.Build.0 = Debug|Any CPU
		{ACF96DEF-0DB3-474B-93A4-BFC37CDC2763}.Release|Any CPU.ActiveCfg = Release|Any CPU
		{ACF96DEF-0DB3-474B-93A4-BFC37CDC2763}.Release|Any CPU.Build.0 = Release|Any CPU
	EndGlobalSection
	GlobalSection(SolutionProperties) = preSolution
		HideSolutionNode = FALSE
	EndGlobalSection
	GlobalSection(ExtensibilityGlobals) = postSolution
		SolutionGuid = {7493ECB3-D886-46CC-BBBF-1CEB3C367B1E}
	EndGlobalSection
EndGlobal
